
Microsoft Visual Studio Solution File, Format Version 12.00
# Visual Studio Version 17
VisualStudioVersion = 17.8.34525.116
MinimumVisualStudioVersion = 10.0.40219.1
Project("{FAE04EC0-301F-11D3-BF4B-00C04F79EFBC}") = "HealthyTreats.Core", "HealthyTreats.Core\HealthyTreats.Core.csproj", "{DFD69467-EB9E-4788-91CC-C646EE045EDD}"
EndProject
Project("{FAE04EC0-301F-11D3-BF4B-00C04F79EFBC}") = "HealthyTreats.Repositories", "HealthyTreats.Repositories\HealthyTreats.Repositories.csproj", "{05C9D1B0-7654-45C5-9E49-2002933EDDC1}"
EndProject
Project("{FAE04EC0-301F-11D3-BF4B-00C04F79EFBC}") = "HealthyTreats.WebUI", "HealthyTreats.WebUI\HealthyTreats.WebUI.csproj", "{5F6F985D-D2E0-488E-8131-EB3A275FE943}"
EndProject
Global
	GlobalSection(SolutionConfigurationPlatforms) = preSolution
		Debug|Any CPU = Debug|Any CPU
		Release|Any CPU = Release|Any CPU
	EndGlobalSection
	GlobalSection(ProjectConfigurationPlatforms) = postSolution
		{DFD69467-EB9E-4788-91CC-C646EE045EDD}.Debug|Any CPU.ActiveCfg = Debug|Any CPU
		{DFD69467-EB9E-4788-91CC-C646EE045EDD}.Debug|Any CPU.Build.0 = Debug|Any CPU
		{DFD69467-EB9E-4788-91CC-C646EE045EDD}.Release|Any CPU.ActiveCfg = Release|Any CPU
		{DFD69467-EB9E-4788-91CC-C646EE045EDD}.Release|Any CPU.Build.0 = Release|Any CPU
		{05C9D1B0-7654-45C5-9E49-2002933EDDC1}.Debug|Any CPU.ActiveCfg = Debug|Any CPU
		{05C9D1B0-7654-45C5-9E49-2002933EDDC1}.Debug|Any CPU.Build.0 = Debug|Any CPU
		{05C9D1B0-7654-45C5-9E49-2002933EDDC1}.Release|Any CPU.ActiveCfg = Release|Any CPU
		{05C9D1B0-7654-45C5-9E49-2002933EDDC1}.Release|Any CPU.Build.0 = Release|Any CPU
		{5F6F985D-D2E0-488E-8131-EB3A275FE943}.Debug|Any CPU.ActiveCfg = Debug|Any CPU
		{5F6F985D-D2E0-488E-8131-EB3A275FE943}.Debug|Any CPU.Build.0 = Debug|Any CPU
		{5F6F985D-D2E0-488E-8131-EB3A275FE943}.Release|Any CPU.ActiveCfg = Release|Any CPU
		{5F6F985D-D2E0-488E-8131-EB3A275FE943}.Release|Any CPU.Build.0 = Release|Any CPU
	EndGlobalSection
	GlobalSection(SolutionProperties) = preSolution
		HideSolutionNode = FALSE
	EndGlobalSection
	GlobalSection(ExtensibilityGlobals) = postSolution
		SolutionGuid = {75D9EC2A-03B8-4AAA-BCCD-6006958C98D4}
	EndGlobalSection
EndGlobal
